
Microsoft Visual Studio Solution File, Format Version 12.00
# Visual Studio Version 17
VisualStudioVersion = 17.1.32421.90
MinimumVisualStudioVersion = 10.0.40219.1
Project("{FAE04EC0-301F-11D3-BF4B-00C04F79EFBC}") = "TrainsClassLibraryFile", "TrainsClassLibraryFile.csproj", "{AC087015-3FA9-4083-946D-F58EFB0CBFD4}"
EndProject
Project("{FAE04EC0-301F-11D3-BF4B-00C04F79EFBC}") = "TrainMasterOperationsForTrains", "..\TrainMasterOperationsForTrains\TrainMasterOperationsForTrains.csproj", "{D6428D69-189E-4824-BE69-FCB0A7146F46}"
EndProject
Global
	GlobalSection(SolutionConfigurationPlatforms) = preSolution
		Debug|Any CPU = Debug|Any CPU
		Release|Any CPU = Release|Any CPU
	EndGlobalSection
	GlobalSection(ProjectConfigurationPlatforms) = postSolution
		{AC087015-3FA9-4083-946D-F58EFB0CBFD4}.Debug|Any CPU.ActiveCfg = Debug|Any CPU
		{AC087015-3FA9-4083-946D-F58EFB0CBFD4}.Debug|Any CPU.Build.0 = Debug|Any CPU
		{AC087015-3FA9-4083-946D-F58EFB0CBFD4}.Release|Any CPU.ActiveCfg = Release|Any CPU
		{AC087015-3FA9-4083-946D-F58EFB0CBFD4}.Release|Any CPU.Build.0 = Release|Any CPU
		{D6428D69-189E-4824-BE69-FCB0A7146F46}.Debug|Any CPU.ActiveCfg = Debug|Any CPU
		{D6428D69-189E-4824-BE69-FCB0A7146F46}.Debug|Any CPU.Build.0 = Debug|Any CPU
		{D6428D69-189E-4824-BE69-FCB0A7146F46}.Release|Any CPU.ActiveCfg = Release|Any CPU
		{D6428D69-189E-4824-BE69-FCB0A7146F46}.Release|Any CPU.Build.0 = Release|Any CPU
	EndGlobalSection
	GlobalSection(SolutionProperties) = preSolution
		HideSolutionNode = FALSE
	EndGlobalSection
	GlobalSection(ExtensibilityGlobals) = postSolution
		SolutionGuid = {A6E3D152-44E8-4F6B-90A9-363031FC4391}
	EndGlobalSection
EndGlobal
